
Microsoft Visual Studio Solution File, Format Version 12.00
# Visual Studio Version 16
VisualStudioVersion = 16.0.31410.357
MinimumVisualStudioVersion = 10.0.40219.1
Project("{FAE04EC0-301F-11D3-BF4B-00C04F79EFBC}") = "StoryTree", "StoryTree\StoryTree.csproj", "{99631A61-2ED6-4EFE-889D-0E3D49D6D508}"
EndProject
Global
	GlobalSection(SolutionConfigurationPlatforms) = preSolution
		Debug|Any CPU = Debug|Any CPU
		Release|Any CPU = Release|Any CPU
	EndGlobalSection
	GlobalSection(ProjectConfigurationPlatforms) = postSolution
		{99631A61-2ED6-4EFE-889D-0E3D49D6D508}.Debug|Any CPU.ActiveCfg = Debug|Any CPU
		{99631A61-2ED6-4EFE-889D-0E3D49D6D508}.Debug|Any CPU.Build.0 = Debug|Any CPU
		{99631A61-2ED6-4EFE-889D-0E3D49D6D508}.Release|Any CPU.ActiveCfg = Release|Any CPU
		{99631A61-2ED6-4EFE-889D-0E3D49D6D508}.Release|Any CPU.Build.0 = Release|Any CPU
	EndGlobalSection
	GlobalSection(SolutionProperties) = preSolution
		HideSolutionNode = FALSE
	EndGlobalSection
	GlobalSection(ExtensibilityGlobals) = postSolution
		SolutionGuid = {D468F121-3F26-4BB0-B7C6-13DE778353B1}
	EndGlobalSection
EndGlobal
